// !$*UTF8*$!
{
	archiveVersion = 1;
	classes = {
	};
	objectVersion = 77;
	objects = {

/* Begin PBXBuildFile section */
		0008F2110177FBEC739677D3 /* RecapExporter.swift in Sources */ = {isa = PBXBuildFile; fileRef = 3148143DE9DBDDDC62BC5535 /* RecapExporter.swift */; };
		0170D229D930510652FB627F /* MeetingWindowHeuristics.swift in Sources */ = {isa = PBXBuildFile; fileRef = 0039986CEDE49DF43FF2342E /* MeetingWindowHeuristics.swift */; };
		0562C24581425CB3865E1A8F /* TimeCheckSignal.swift in Sources */ = {isa = PBXBuildFile; fileRef = 6506F84B219D29F99152C209 /* TimeCheckSignal.swift */; };
		070C44F2395C329D75265ED2 /* OverrunSignal.swift in Sources */ = {isa = PBXBuildFile; fileRef = F56C800A06EA0F3F19E249A9 /* OverrunSignal.swift */; };
		0B9771217CC1244125C2B177 /* DeterministicReview.swift in Sources */ = {isa = PBXBuildFile; fileRef = 2FBAD9FDD0A26CB47962E922 /* DeterministicReview.swift */; };
		0C80F4E7CBCBC9D2C7FA9664 /* FocusGoals.swift in Sources */ = {isa = PBXBuildFile; fileRef = B7CDB212B0E5B6D49D07C0A8 /* FocusGoals.swift */; };
		0DB912487D86ACAA5CC13926 /* VoiceProfileStore.swift in Sources */ = {isa = PBXBuildFile; fileRef = 1E8658BF35A80CECD00D0FBE /* VoiceProfileStore.swift */; };
		125031287F601C3F45385D84 /* MeetingPromptPanel.swift in Sources */ = {isa = PBXBuildFile; fileRef = 96F44479B82669A57E95C7E4 /* MeetingPromptPanel.swift */; };
		14F45DE559A585FE6868EB2B /* AdaptiveThresholds.swift in Sources */ = {isa = PBXBuildFile; fileRef = E2D977B35E70510FAAE58159 /* AdaptiveThresholds.swift */; };
		16BE255C6A7E0741602AAD26 /* UnansweredQuestionSignal.swift in Sources */ = {isa = PBXBuildFile; fileRef = 912C009E304E68EE3CED2F6A /* UnansweredQuestionSignal.swift */; };
		1A069F944F7C5D988C7FADC0 /* default_rubric.yaml in Resources */ = {isa = PBXBuildFile; fileRef = 23D1C856F0DF834FA86ED8B8 /* default_rubric.yaml */; };
		1A7CB48B06661E230AB0EC66 /* GranolaImporter.swift in Sources */ = {isa = PBXBuildFile; fileRef = 679CAE424170B3184298CF5C /* GranolaImporter.swift */; };
		1C1FD0E1B619D8BD0BDE9FF4 /* PreCallContext.swift in Sources */ = {isa = PBXBuildFile; fileRef = 0302009AC6EADB2189C6E775 /* PreCallContext.swift */; };
		1D7451CFA623A70BBDE9DBBC /* PermissionStatus.swift in Sources */ = {isa = PBXBuildFile; fileRef = 225E2615B3AE8C52C84A54FD /* PermissionStatus.swift */; };
		1F9054E3DCAD7089CBA0CBA2 /* Utterance.swift in Sources */ = {isa = PBXBuildFile; fileRef = 81D33EEE89EF224DC87FCF6E /* Utterance.swift */; };
		2265774E4ECFBF672ACE5D79 /* PendingProfileSaves.swift in Sources */ = {isa = PBXBuildFile; fileRef = A754A24BB56F62D6EE2963EA /* PendingProfileSaves.swift */; };
		230953F58905C232A72F61EF /* SearchResultsView.swift in Sources */ = {isa = PBXBuildFile; fileRef = 38AF9EC84551A2A07E86DADF /* SearchResultsView.swift */; };
		27B1368F1ECD54E49385BA3E /* GoingQuietSignal.swift in Sources */ = {isa = PBXBuildFile; fileRef = A4A0318F6463431087594DA0 /* GoingQuietSignal.swift */; };
		2916A44AB67B6A20284FA249 /* demo_nudges.json in Resources */ = {isa = PBXBuildFile; fileRef = 59A325315611300C1A9E2C53 /* demo_nudges.json */; };
		29B5CC4536FD985F624286F8 /* OllamaManager.swift in Sources */ = {isa = PBXBuildFile; fileRef = 9AA712484D677FBBAA951166 /* OllamaManager.swift */; };
		2FEDD9EAC36955339A139478 /* VagueAnswerSignal.swift in Sources */ = {isa = PBXBuildFile; fileRef = 94EF3B004043BDF659A8C3C2 /* VagueAnswerSignal.swift */; };
		3487A8880341CF546AEE8431 /* RubricAdvisor.swift in Sources */ = {isa = PBXBuildFile; fileRef = A7923682551623339C11F93D /* RubricAdvisor.swift */; };
		35823FAC9EE56A55A6056BC1 /* MeetingsHomeView.swift in Sources */ = {isa = PBXBuildFile; fileRef = 2F19AFCB82618FCED078DF03 /* MeetingsHomeView.swift */; };
		3777383CF5218E48A0B5262D /* EchoFilter.swift in Sources */ = {isa = PBXBuildFile; fileRef = 85881F8DA1B5854DE7BA9F7A /* EchoFilter.swift */; };
		3C2ED703482E504317466F11 /* TalkTimeSignal.swift in Sources */ = {isa = PBXBuildFile; fileRef = FA0A3778DC493524AA4D6FE0 /* TalkTimeSignal.swift */; };
		3DD7919979773DBC30AA415A /* QuestionParkedSignal.swift in Sources */ = {isa = PBXBuildFile; fileRef = E9892670227218AFE8677E69 /* QuestionParkedSignal.swift */; };
		4030F7FB23A09D09F296291C /* ParakeetTranscriber.swift in Sources */ = {isa = PBXBuildFile; fileRef = 73E93FA8D25DA2577F2827FF /* ParakeetTranscriber.swift */; };
		41742BA1758E72F5F58444E1 /* TuningTypes.swift in Sources */ = {isa = PBXBuildFile; fileRef = 0F81DB4510A2BF8EF10A65C7 /* TuningTypes.swift */; };
		417ACEAF577CB9DB73C67193 /* MeetingDetector.swift in Sources */ = {isa = PBXBuildFile; fileRef = BB6CA4D089C636FF9E653ACF /* MeetingDetector.swift */; };
		42613F60A3CB14497FC859C2 /* FluidAudio in Frameworks */ = {isa = PBXBuildFile; productRef = 52193459BBD760AF1CA7B7F7 /* FluidAudio */; };
		46BB0140FA3D0C6D5953EA48 /* NextStepsSignal.swift in Sources */ = {isa = PBXBuildFile; fileRef = B3C6B8636393601795161557 /* NextStepsSignal.swift */; };
		47D5418F46BB2B90178F534E /* CoachingOverlayPanel.swift in Sources */ = {isa = PBXBuildFile; fileRef = E80054B1508EFBBFD8D840F3 /* CoachingOverlayPanel.swift */; };
		486F7585BE90347738E948CE /* MeetingAsk.swift in Sources */ = {isa = PBXBuildFile; fileRef = C9C7A3BC0456A49035438F8E /* MeetingAsk.swift */; };
		48D5C327203435A3F1B3194E /* ShareNotesSheet.swift in Sources */ = {isa = PBXBuildFile; fileRef = 42EB3CC413C5B3BE91CB18AB /* ShareNotesSheet.swift */; };
		48DFEC114082BF96EBEF74C8 /* main.swift in Sources */ = {isa = PBXBuildFile; fileRef = 5D25D2CC8CBD4346DBFB9924 /* main.swift */; };
		4A4FF91E00B9AFD2E0944107 /* PlatformSupport.swift in Sources */ = {isa = PBXBuildFile; fileRef = 6BB9F3C621505E5F9C1C74CF /* PlatformSupport.swift */; };
		4C4CE6FBC1FF6641932BEC3B /* TrainingExample.swift in Sources */ = {isa = PBXBuildFile; fileRef = 5C9A04C9B391284F7BCDBD2E /* TrainingExample.swift */; };
		55D4DD753779ACBE7E35E8D3 /* NoteDistiller.swift in Sources */ = {isa = PBXBuildFile; fileRef = A5AE5052D754AAC4553B6E69 /* NoteDistiller.swift */; };
		5786720067BE8A950F4165ED /* SignalEngine.swift in Sources */ = {isa = PBXBuildFile; fileRef = 5CD2E43CC253B7430EF30361 /* SignalEngine.swift */; };
		602166D3A6873647DC911FDE /* bird_chirp.wav in Resources */ = {isa = PBXBuildFile; fileRef = 14D8000DD43FC31EDFC5A989 /* bird_chirp.wav */; };
		643DA0464410998385AE5E60 /* PreCallFormView.swift in Sources */ = {isa = PBXBuildFile; fileRef = 25F544EB2BBE998E71984423 /* PreCallFormView.swift */; };
		646D824B1FF7ECF4F27A8229 /* TranscriptStore.swift in Sources */ = {isa = PBXBuildFile; fileRef = 3F96FF8CF114AAA6D7FDFBDF /* TranscriptStore.swift */; };
		6C768BCDCE0CDE33A7F70567 /* Mclog.swift in Sources */ = {isa = PBXBuildFile; fileRef = D5560738095EF73A5816E554 /* Mclog.swift */; };
		6DDB4B7AD7A30F488D641CD9 /* GeneralSettingsView.swift in Sources */ = {isa = PBXBuildFile; fileRef = 35350EAFCF72EF5D24FA7AA1 /* GeneralSettingsView.swift */; };
		752E7C3A09F3FFE9824E2003 /* ParticipantStore.swift in Sources */ = {isa = PBXBuildFile; fileRef = 208023EBBD04229F5503508A /* ParticipantStore.swift */; };
		75C0D28E8BF07978D20349B6 /* SpeakerDiarizer.swift in Sources */ = {isa = PBXBuildFile; fileRef = EB68720A316FEE2207F54E4B /* SpeakerDiarizer.swift */; };
		77377E23305604276D5C95FA /* WebSharing.swift in Sources */ = {isa = PBXBuildFile; fileRef = AC88F465A3740E50A3D39306 /* WebSharing.swift */; };
		7738C639EFAA02BEF8DD5765 /* FeedbackFormView.swift in Sources */ = {isa = PBXBuildFile; fileRef = 35B1ADEF0B99BDEB25D36FE4 /* FeedbackFormView.swift */; };
		7F992768252A6BB47097CD59 /* NudgeBackoff.swift in Sources */ = {isa = PBXBuildFile; fileRef = 2BBC737499DA851F1E6127E0 /* NudgeBackoff.swift */; };
		80330BBFB7DC43B0392C9628 /* OnboardingChecklistView.swift in Sources */ = {isa = PBXBuildFile; fileRef = 34B2E80ECDD1EC3FD9556335 /* OnboardingChecklistView.swift */; };
		80A3C6A385E3EE4BE0E678BD /* AudioCaptureManager.swift in Sources */ = {isa = PBXBuildFile; fileRef = 169665A106EBBC6CCDA1F018 /* AudioCaptureManager.swift */; };
		831AAAE68BDAAC75DC37FB2B /* ContentView.swift in Sources */ = {isa = PBXBuildFile; fileRef = B601F828AB17A262298DF0AE /* ContentView.swift */; };
		85E59446014AE47DD1E5A810 /* SessionTrendsView.swift in Sources */ = {isa = PBXBuildFile; fileRef = 7A2619C7DBDE479D92329B84 /* SessionTrendsView.swift */; };
		8A631782D7199EBCE5560A50 /* Nudge.swift in Sources */ = {isa = PBXBuildFile; fileRef = 736B9D6AC7AFE9AA6A2D5725 /* Nudge.swift */; };
		8CA26EBEB1039CBE90A0D285 /* TranscriptSearch.swift in Sources */ = {isa = PBXBuildFile; fileRef = 48F9343259F30B3410C031F9 /* TranscriptSearch.swift */; };
		92904ECCEF60B928FB98FB5A /* RubricAdvisorApply.swift in Sources */ = {isa = PBXBuildFile; fileRef = 9E3C38C1B54A15F61FEB493A /* RubricAdvisorApply.swift */; };
		93AE13A08E89B2CF091A7274 /* ollama in Resources */ = {isa = PBXBuildFile; fileRef = 69834923A05B2FEECE228263 /* ollama */; };
		95BAA399EE14E37A99CF1834 /* Rubric.swift in Sources */ = {isa = PBXBuildFile; fileRef = EAC07F7931A467E07514A5B8 /* Rubric.swift */; };
		965F05D47B12F506C3B6CE55 /* DemoScript.swift in Sources */ = {isa = PBXBuildFile; fileRef = 8143978E87DDB116AC0D3FD8 /* DemoScript.swift */; };
		97BBFAF4DAC944901C41F097 /* TranscriptSearch.swift in Sources */ = {isa = PBXBuildFile; fileRef = 48F9343259F30B3410C031F9 /* TranscriptSearch.swift */; };
		98104496237EA3D2AEC65205 /* Assets.xcassets in Resources */ = {isa = PBXBuildFile; fileRef = 99FF311B3C3C0B29ECF0C296 /* Assets.xcassets */; };
		98E5BB4209899EF66A7A1B84 /* MicrophoneFormatPolicy.swift in Sources */ = {isa = PBXBuildFile; fileRef = 6AED495973BB067AF320CFA5 /* MicrophoneFormatPolicy.swift */; };
		9AC524542146972D8144739E /* VoiceClipSelection.swift in Sources */ = {isa = PBXBuildFile; fileRef = CDFE946C214D3FA7737FF232 /* VoiceClipSelection.swift */; };
		9CFEB7F1FAAB9B376743DE9E /* MeetingReview.swift in Sources */ = {isa = PBXBuildFile; fileRef = 35964E2F9634996C0ACEB39C /* MeetingReview.swift */; };
		9FC953EE954ED076AF94C4E9 /* GiveMeetMouseView.swift in Sources */ = {isa = PBXBuildFile; fileRef = 21E0D0FECB8A88B3565D1140 /* GiveMeetMouseView.swift */; };
		A113E174C9E4738E99D17427 /* Dorado.swift in Sources */ = {isa = PBXBuildFile; fileRef = 98DF6673920BD9AAF4C4B8E0 /* Dorado.swift */; };
		A1D971DC2241B73DC1713D26 /* TranscriptAnalysis.swift in Sources */ = {isa = PBXBuildFile; fileRef = 9FFBE4A37EC6EEE8D7A7516D /* TranscriptAnalysis.swift */; };
		A36D1448B1484E7ACF6E53D5 /* MeetingDetectionService.swift in Sources */ = {isa = PBXBuildFile; fileRef = A1A12E30BEB51DFB2F939AE4 /* MeetingDetectionService.swift */; };
		A4FE039B5DC3EE1C8C2793AD /* SemanticCoach.swift in Sources */ = {isa = PBXBuildFile; fileRef = 07506FC59991300DD4578DB0 /* SemanticCoach.swift */; };
		AB4F784C20C480FD7A9CD4BD /* VoiceShareSignal.swift in Sources */ = {isa = PBXBuildFile; fileRef = 5D5E9BDD00E23D1F8DEC8F23 /* VoiceShareSignal.swift */; };
		AC2DFEF84296BA4652EA853B /* MissingDiscoverySignal.swift in Sources */ = {isa = PBXBuildFile; fileRef = C6D95FE03A7025FB8F8EE69D /* MissingDiscoverySignal.swift */; };
		ACF7E740CC593F7C1077E087 /* TalkStats.swift in Sources */ = {isa = PBXBuildFile; fileRef = B97FD941E80BA5417049F9CE /* TalkStats.swift */; };
		B1EEF82CF42D4472D319BA92 /* Trigger.swift in Sources */ = {isa = PBXBuildFile; fileRef = 826E23E63EE91A96C88BA0F1 /* Trigger.swift */; };
		B2AC75147E4394FD58C99445 /* LiveSessionViewModel.swift in Sources */ = {isa = PBXBuildFile; fileRef = 67120DB8C352138595D0B749 /* LiveSessionViewModel.swift */; };
		B61F4F0049C5BEBE7D264905 /* ProgressDashboardView.swift in Sources */ = {isa = PBXBuildFile; fileRef = 0B4B0AF697805859194CB8FB /* ProgressDashboardView.swift */; };
		BCC30F8C241C9E69FF414B44 /* SafeElementBinding.swift in Sources */ = {isa = PBXBuildFile; fileRef = 0B24680F8123FEF4092933AF /* SafeElementBinding.swift */; };
		C0B318FF6582287A051C4103 /* demo_meeting.txt in Resources */ = {isa = PBXBuildFile; fileRef = 1AD95CCA3F1885640ECB50DE /* demo_meeting.txt */; };
		C322C07D3607C86B929C4345 /* SettingsViewModel.swift in Sources */ = {isa = PBXBuildFile; fileRef = 226945101416D23B896436E1 /* SettingsViewModel.swift */; };
		C333FB6099F885862570B759 /* SessionTrends.swift in Sources */ = {isa = PBXBuildFile; fileRef = C383A162604A3D3AE197F2A2 /* SessionTrends.swift */; };
		C4B5DD336F4BEA94B577F930 /* PositiveSignals.swift in Sources */ = {isa = PBXBuildFile; fileRef = D6012F4265B831203CEF29D7 /* PositiveSignals.swift */; };
		C7D931047233C23F27CBE934 /* HighStakesSignal.swift in Sources */ = {isa = PBXBuildFile; fileRef = 9AC5039B5EC737FFECE6A190 /* HighStakesSignal.swift */; };
		CE20F93E50F815AC45DAC03E /* Fonts in Resources */ = {isa = PBXBuildFile; fileRef = 74A9072A6A77D0C9F86838A1 /* Fonts */; };
		CE29BF1EE8DA68A7A94EA4E2 /* AppSupport.swift in Sources */ = {isa = PBXBuildFile; fileRef = C8F05A5F9043EE4F2C14B8D5 /* AppSupport.swift */; };
		CFFBB860B8F9AB35E34F7AEA /* StackedQuestionsSignal.swift in Sources */ = {isa = PBXBuildFile; fileRef = BC33A03F287BAB0CDBCFC8FD /* StackedQuestionsSignal.swift */; };
		D18015A9C5944D5D37845BC9 /* PromptBuilder.swift in Sources */ = {isa = PBXBuildFile; fileRef = 78FD64A28567F115FD3944A4 /* PromptBuilder.swift */; };
		D3610C9D3F85F755820E10C3 /* TranscriptCleanup.swift in Sources */ = {isa = PBXBuildFile; fileRef = 16524492B9725FF3E217054B /* TranscriptCleanup.swift */; };
		D77C09AA85DC5397A7D1B114 /* Sparkle in Frameworks */ = {isa = PBXBuildFile; productRef = 2ADB653C496B73D902CC4DFD /* Sparkle */; };
		D7E82BEB63E8D0037A2EB59E /* MeetingLanguage.swift in Sources */ = {isa = PBXBuildFile; fileRef = 41E79DEE155A7764611418A7 /* MeetingLanguage.swift */; };
		DC339E0767F4891CCD3BAF02 /* ReferralInvites.swift in Sources */ = {isa = PBXBuildFile; fileRef = 947B36BFD468E1C108A1381C /* ReferralInvites.swift */; };
		DEB20958B6B4DC26619F9B5F /* AppBundleNameMigration.swift in Sources */ = {isa = PBXBuildFile; fileRef = E03360FE07AA3CD101D27116 /* AppBundleNameMigration.swift */; };
		E50CF069AE16583B2665E1BE /* AppSupport.swift in Sources */ = {isa = PBXBuildFile; fileRef = C8F05A5F9043EE4F2C14B8D5 /* AppSupport.swift */; };
		E64A1CF9A596EDF1578EA6E0 /* InterruptionSignal.swift in Sources */ = {isa = PBXBuildFile; fileRef = 88673BD63F55A97082E19D05 /* InterruptionSignal.swift */; };
		E7FFC6FB0B3CCA7EA40EEFD0 /* MeetingReviewView.swift in Sources */ = {isa = PBXBuildFile; fileRef = 656450659BC1ACF5F68F709C /* MeetingReviewView.swift */; };
		EB6A5F6E68FD130E49B7DEC9 /* Credits.rtf in Resources */ = {isa = PBXBuildFile; fileRef = 06F4E4B9E736297E660D19A4 /* Credits.rtf */; };
		ED6A7299FC6E5DD91524676C /* ParakeetDownloadState.swift in Sources */ = {isa = PBXBuildFile; fileRef = CDAB5DD9D8D87802B15EAF68 /* ParakeetDownloadState.swift */; };
		ED79D15397793472C866F5FE /* TalkCharts.swift in Sources */ = {isa = PBXBuildFile; fileRef = D2B794F3FFF35F998081042B /* TalkCharts.swift */; };
		F1CADB35E72BF742F5571672 /* Yams in Frameworks */ = {isa = PBXBuildFile; productRef = F03462EBA44605723460996E /* Yams */; };
		F285F58F0AEDB1C24B9ACF59 /* YesManSignal.swift in Sources */ = {isa = PBXBuildFile; fileRef = 0AA57261742100AD1915A9F4 /* YesManSignal.swift */; };
		F94B6C352B5D69158C43E11C /* SpeakerNameInference.swift in Sources */ = {isa = PBXBuildFile; fileRef = 02B06A3C2CEC6987AF46994E /* SpeakerNameInference.swift */; };
		FBBB2B4DB3372B0DD8A7CEE8 /* TranscriptParser.swift in Sources */ = {isa = PBXBuildFile; fileRef = CA1F99166785B46F89B17133 /* TranscriptParser.swift */; };
		FE81E3B044352DA913F1A58B /* RepetitionLoopSignal.swift in Sources */ = {isa = PBXBuildFile; fileRef = 0A77874939901EA598BC1814 /* RepetitionLoopSignal.swift */; };
		FEECFE76BBBBC7DE72D89FE6 /* MeetMouseApp.swift in Sources */ = {isa = PBXBuildFile; fileRef = DF9C912979FF9EFB91A45FF1 /* MeetMouseApp.swift */; };
		FF20EDCA009AC9F00BC2968E /* OllamaClient.swift in Sources */ = {isa = PBXBuildFile; fileRef = 6A1BF8C4DA14D327E81E1832 /* OllamaClient.swift */; };
		FFB7FE0F2B5AAC40276DA50F /* SessionDetailView.swift in Sources */ = {isa = PBXBuildFile; fileRef = 7BFDDC5E15E6CA9D8E03D659 /* SessionDetailView.swift */; };
/* End PBXBuildFile section */

/* Begin PBXContainerItemProxy section */
		235DA6B56489FA2DC3B584A1 /* PBXContainerItemProxy */ = {
			isa = PBXContainerItemProxy;
			containerPortal = A788D3D8979D0C513FC93730 /* Project object */;
			proxyType = 1;
			remoteGlobalIDString = 29B4751C5667EE113948EC15;
			remoteInfo = "meetingcoach-mcp";
		};
/* End PBXContainerItemProxy section */

/* Begin PBXFileReference section */
		0039986CEDE49DF43FF2342E /* MeetingWindowHeuristics.swift */ = {isa = PBXFileReference; lastKnownFileType = sourcecode.swift; path = MeetingWindowHeuristics.swift; sourceTree = "<group>"; };
		02B06A3C2CEC6987AF46994E /* SpeakerNameInference.swift */ = {isa = PBXFileReference; lastKnownFileType = sourcecode.swift; path = SpeakerNameInference.swift; sourceTree = "<group>"; };
		0302009AC6EADB2189C6E775 /* PreCallContext.swift */ = {isa = PBXFileReference; lastKnownFileType = sourcecode.swift; path = PreCallContext.swift; sourceTree = "<group>"; };
		06F4E4B9E736297E660D19A4 /* Credits.rtf */ = {isa = PBXFileReference; lastKnownFileType = text.rtf; path = Credits.rtf; sourceTree = "<group>"; };
		07506FC59991300DD4578DB0 /* SemanticCoach.swift */ = {isa = PBXFileReference; lastKnownFileType = sourcecode.swift; path = SemanticCoach.swift; sourceTree = "<group>"; };
		0A77874939901EA598BC1814 /* RepetitionLoopSignal.swift */ = {isa = PBXFileReference; lastKnownFileType = sourcecode.swift; path = RepetitionLoopSignal.swift; sourceTree = "<group>"; };
		0AA57261742100AD1915A9F4 /* YesManSignal.swift */ = {isa = PBXFileReference; lastKnownFileType = sourcecode.swift; path = YesManSignal.swift; sourceTree = "<group>"; };
		0B24680F8123FEF4092933AF /* SafeElementBinding.swift */ = {isa = PBXFileReference; lastKnownFileType = sourcecode.swift; path = SafeElementBinding.swift; sourceTree = "<group>"; };
		0B4B0AF697805859194CB8FB /* ProgressDashboardView.swift */ = {isa = PBXFileReference; lastKnownFileType = sourcecode.swift; path = ProgressDashboardView.swift; sourceTree = "<group>"; };
		0F81DB4510A2BF8EF10A65C7 /* TuningTypes.swift */ = {isa = PBXFileReference; lastKnownFileType = sourcecode.swift; path = TuningTypes.swift; sourceTree = "<group>"; };
		14D8000DD43FC31EDFC5A989 /* bird_chirp.wav */ = {isa = PBXFileReference; lastKnownFileType = audio.wav; path = bird_chirp.wav; sourceTree = "<group>"; };
		16524492B9725FF3E217054B /* TranscriptCleanup.swift */ = {isa = PBXFileReference; lastKnownFileType = sourcecode.swift; path = TranscriptCleanup.swift; sourceTree = "<group>"; };
		169665A106EBBC6CCDA1F018 /* AudioCaptureManager.swift */ = {isa = PBXFileReference; lastKnownFileType = sourcecode.swift; path = AudioCaptureManager.swift; sourceTree = "<group>"; };
		1AD95CCA3F1885640ECB50DE /* demo_meeting.txt */ = {isa = PBXFileReference; lastKnownFileType = text; path = demo_meeting.txt; sourceTree = "<group>"; };
		1E8658BF35A80CECD00D0FBE /* VoiceProfileStore.swift */ = {isa = PBXFileReference; lastKnownFileType = sourcecode.swift; path = VoiceProfileStore.swift; sourceTree = "<group>"; };
		208023EBBD04229F5503508A /* ParticipantStore.swift */ = {isa = PBXFileReference; lastKnownFileType = sourcecode.swift; path = ParticipantStore.swift; sourceTree = "<group>"; };
		21E0D0FECB8A88B3565D1140 /* GiveMeetMouseView.swift */ = {isa = PBXFileReference; lastKnownFileType = sourcecode.swift; path = GiveMeetMouseView.swift; sourceTree = "<group>"; };
		225E2615B3AE8C52C84A54FD /* PermissionStatus.swift */ = {isa = PBXFileReference; lastKnownFileType = sourcecode.swift; path = PermissionStatus.swift; sourceTree = "<group>"; };
		226945101416D23B896436E1 /* SettingsViewModel.swift */ = {isa = PBXFileReference; lastKnownFileType = sourcecode.swift; path = SettingsViewModel.swift; sourceTree = "<group>"; };
		23D1C856F0DF834FA86ED8B8 /* default_rubric.yaml */ = {isa = PBXFileReference; lastKnownFileType = text.yaml; path = default_rubric.yaml; sourceTree = "<group>"; };
		25F544EB2BBE998E71984423 /* PreCallFormView.swift */ = {isa = PBXFileReference; lastKnownFileType = sourcecode.swift; path = PreCallFormView.swift; sourceTree = "<group>"; };
		2BBC737499DA851F1E6127E0 /* NudgeBackoff.swift */ = {isa = PBXFileReference; lastKnownFileType = sourcecode.swift; path = NudgeBackoff.swift; sourceTree = "<group>"; };
		2F19AFCB82618FCED078DF03 /* MeetingsHomeView.swift */ = {isa = PBXFileReference; lastKnownFileType = sourcecode.swift; path = MeetingsHomeView.swift; sourceTree = "<group>"; };
		2FBAD9FDD0A26CB47962E922 /* DeterministicReview.swift */ = {isa = PBXFileReference; lastKnownFileType = sourcecode.swift; path = DeterministicReview.swift; sourceTree = "<group>"; };
		3148143DE9DBDDDC62BC5535 /* RecapExporter.swift */ = {isa = PBXFileReference; lastKnownFileType = sourcecode.swift; path = RecapExporter.swift; sourceTree = "<group>"; };
		34B2E80ECDD1EC3FD9556335 /* OnboardingChecklistView.swift */ = {isa = PBXFileReference; lastKnownFileType = sourcecode.swift; path = OnboardingChecklistView.swift; sourceTree = "<group>"; };
		35350EAFCF72EF5D24FA7AA1 /* GeneralSettingsView.swift */ = {isa = PBXFileReference; lastKnownFileType = sourcecode.swift; path = GeneralSettingsView.swift; sourceTree = "<group>"; };
		35964E2F9634996C0ACEB39C /* MeetingReview.swift */ = {isa = PBXFileReference; lastKnownFileType = sourcecode.swift; path = MeetingReview.swift; sourceTree = "<group>"; };
		35B1ADEF0B99BDEB25D36FE4 /* FeedbackFormView.swift */ = {isa = PBXFileReference; lastKnownFileType = sourcecode.swift; path = FeedbackFormView.swift; sourceTree = "<group>"; };
		38AF9EC84551A2A07E86DADF /* SearchResultsView.swift */ = {isa = PBXFileReference; lastKnownFileType = sourcecode.swift; path = SearchResultsView.swift; sourceTree = "<group>"; };
		3F96FF8CF114AAA6D7FDFBDF /* TranscriptStore.swift */ = {isa = PBXFileReference; lastKnownFileType = sourcecode.swift; path = TranscriptStore.swift; sourceTree = "<group>"; };
		41E79DEE155A7764611418A7 /* MeetingLanguage.swift */ = {isa = PBXFileReference; lastKnownFileType = sourcecode.swift; path = MeetingLanguage.swift; sourceTree = "<group>"; };
		42EB3CC413C5B3BE91CB18AB /* ShareNotesSheet.swift */ = {isa = PBXFileReference; lastKnownFileType = sourcecode.swift; path = ShareNotesSheet.swift; sourceTree = "<group>"; };
		48F9343259F30B3410C031F9 /* TranscriptSearch.swift */ = {isa = PBXFileReference; lastKnownFileType = sourcecode.swift; path = TranscriptSearch.swift; sourceTree = "<group>"; };
		59A325315611300C1A9E2C53 /* demo_nudges.json */ = {isa = PBXFileReference; lastKnownFileType = text.json; path = demo_nudges.json; sourceTree = "<group>"; };
		5C9A04C9B391284F7BCDBD2E /* TrainingExample.swift */ = {isa = PBXFileReference; lastKnownFileType = sourcecode.swift; path = TrainingExample.swift; sourceTree = "<group>"; };
		5CD2E43CC253B7430EF30361 /* SignalEngine.swift */ = {isa = PBXFileReference; lastKnownFileType = sourcecode.swift; path = SignalEngine.swift; sourceTree = "<group>"; };
		5D25D2CC8CBD4346DBFB9924 /* main.swift */ = {isa = PBXFileReference; lastKnownFileType = sourcecode.swift; path = main.swift; sourceTree = "<group>"; };
		5D5E9BDD00E23D1F8DEC8F23 /* VoiceShareSignal.swift */ = {isa = PBXFileReference; lastKnownFileType = sourcecode.swift; path = VoiceShareSignal.swift; sourceTree = "<group>"; };
		61CBD7F2B9C7BC596D8D6984 /* MeetingCoach.app */ = {isa = PBXFileReference; explicitFileType = wrapper.application; includeInIndex = 0; path = MeetingCoach.app; sourceTree = BUILT_PRODUCTS_DIR; };
		6506F84B219D29F99152C209 /* TimeCheckSignal.swift */ = {isa = PBXFileReference; lastKnownFileType = sourcecode.swift; path = TimeCheckSignal.swift; sourceTree = "<group>"; };
		656450659BC1ACF5F68F709C /* MeetingReviewView.swift */ = {isa = PBXFileReference; lastKnownFileType = sourcecode.swift; path = MeetingReviewView.swift; sourceTree = "<group>"; };
		67120DB8C352138595D0B749 /* LiveSessionViewModel.swift */ = {isa = PBXFileReference; lastKnownFileType = sourcecode.swift; path = LiveSessionViewModel.swift; sourceTree = "<group>"; };
		679CAE424170B3184298CF5C /* GranolaImporter.swift */ = {isa = PBXFileReference; lastKnownFileType = sourcecode.swift; path = GranolaImporter.swift; sourceTree = "<group>"; };
		68FD97A461F0CDDDFC997439 /* meetingcoach-mcp */ = {isa = PBXFileReference; includeInIndex = 0; path = "meetingcoach-mcp"; sourceTree = BUILT_PRODUCTS_DIR; };
		69834923A05B2FEECE228263 /* ollama */ = {isa = PBXFileReference; lastKnownFileType = folder; name = ollama; path = MeetingCoach/Resources/ollama; sourceTree = SOURCE_ROOT; };
		6A1BF8C4DA14D327E81E1832 /* OllamaClient.swift */ = {isa = PBXFileReference; lastKnownFileType = sourcecode.swift; path = OllamaClient.swift; sourceTree = "<group>"; };
		6AED495973BB067AF320CFA5 /* MicrophoneFormatPolicy.swift */ = {isa = PBXFileReference; lastKnownFileType = sourcecode.swift; path = MicrophoneFormatPolicy.swift; sourceTree = "<group>"; };
		6BB9F3C621505E5F9C1C74CF /* PlatformSupport.swift */ = {isa = PBXFileReference; lastKnownFileType = sourcecode.swift; path = PlatformSupport.swift; sourceTree = "<group>"; };
		736B9D6AC7AFE9AA6A2D5725 /* Nudge.swift */ = {isa = PBXFileReference; lastKnownFileType = sourcecode.swift; path = Nudge.swift; sourceTree = "<group>"; };
		73E93FA8D25DA2577F2827FF /* ParakeetTranscriber.swift */ = {isa = PBXFileReference; lastKnownFileType = sourcecode.swift; path = ParakeetTranscriber.swift; sourceTree = "<group>"; };
		74A9072A6A77D0C9F86838A1 /* Fonts */ = {isa = PBXFileReference; lastKnownFileType = folder; name = Fonts; path = MeetingCoach/Resources/Fonts; sourceTree = SOURCE_ROOT; };
		78FD64A28567F115FD3944A4 /* PromptBuilder.swift */ = {isa = PBXFileReference; lastKnownFileType = sourcecode.swift; path = PromptBuilder.swift; sourceTree = "<group>"; };
		7A2619C7DBDE479D92329B84 /* SessionTrendsView.swift */ = {isa = PBXFileReference; lastKnownFileType = sourcecode.swift; path = SessionTrendsView.swift; sourceTree = "<group>"; };
		7BFDDC5E15E6CA9D8E03D659 /* SessionDetailView.swift */ = {isa = PBXFileReference; lastKnownFileType = sourcecode.swift; path = SessionDetailView.swift; sourceTree = "<group>"; };
		8143978E87DDB116AC0D3FD8 /* DemoScript.swift */ = {isa = PBXFileReference; lastKnownFileType = sourcecode.swift; path = DemoScript.swift; sourceTree = "<group>"; };
		81D33EEE89EF224DC87FCF6E /* Utterance.swift */ = {isa = PBXFileReference; lastKnownFileType = sourcecode.swift; path = Utterance.swift; sourceTree = "<group>"; };
		826E23E63EE91A96C88BA0F1 /* Trigger.swift */ = {isa = PBXFileReference; lastKnownFileType = sourcecode.swift; path = Trigger.swift; sourceTree = "<group>"; };
		85881F8DA1B5854DE7BA9F7A /* EchoFilter.swift */ = {isa = PBXFileReference; lastKnownFileType = sourcecode.swift; path = EchoFilter.swift; sourceTree = "<group>"; };
		88673BD63F55A97082E19D05 /* InterruptionSignal.swift */ = {isa = PBXFileReference; lastKnownFileType = sourcecode.swift; path = InterruptionSignal.swift; sourceTree = "<group>"; };
		912C009E304E68EE3CED2F6A /* UnansweredQuestionSignal.swift */ = {isa = PBXFileReference; lastKnownFileType = sourcecode.swift; path = UnansweredQuestionSignal.swift; sourceTree = "<group>"; };
		947B36BFD468E1C108A1381C /* ReferralInvites.swift */ = {isa = PBXFileReference; lastKnownFileType = sourcecode.swift; path = ReferralInvites.swift; sourceTree = "<group>"; };
		94EF3B004043BDF659A8C3C2 /* VagueAnswerSignal.swift */ = {isa = PBXFileReference; lastKnownFileType = sourcecode.swift; path = VagueAnswerSignal.swift; sourceTree = "<group>"; };
		96F44479B82669A57E95C7E4 /* MeetingPromptPanel.swift */ = {isa = PBXFileReference; lastKnownFileType = sourcecode.swift; path = MeetingPromptPanel.swift; sourceTree = "<group>"; };
		98DF6673920BD9AAF4C4B8E0 /* Dorado.swift */ = {isa = PBXFileReference; lastKnownFileType = sourcecode.swift; path = Dorado.swift; sourceTree = "<group>"; };
		99FF311B3C3C0B29ECF0C296 /* Assets.xcassets */ = {isa = PBXFileReference; lastKnownFileType = folder.assetcatalog; path = Assets.xcassets; sourceTree = "<group>"; };
		9AA712484D677FBBAA951166 /* OllamaManager.swift */ = {isa = PBXFileReference; lastKnownFileType = sourcecode.swift; path = OllamaManager.swift; sourceTree = "<group>"; };
		9AC5039B5EC737FFECE6A190 /* HighStakesSignal.swift */ = {isa = PBXFileReference; lastKnownFileType = sourcecode.swift; path = HighStakesSignal.swift; sourceTree = "<group>"; };
		9E3C38C1B54A15F61FEB493A /* RubricAdvisorApply.swift */ = {isa = PBXFileReference; lastKnownFileType = sourcecode.swift; path = RubricAdvisorApply.swift; sourceTree = "<group>"; };
		9FFBE4A37EC6EEE8D7A7516D /* TranscriptAnalysis.swift */ = {isa = PBXFileReference; lastKnownFileType = sourcecode.swift; path = TranscriptAnalysis.swift; sourceTree = "<group>"; };
		A1A12E30BEB51DFB2F939AE4 /* MeetingDetectionService.swift */ = {isa = PBXFileReference; lastKnownFileType = sourcecode.swift; path = MeetingDetectionService.swift; sourceTree = "<group>"; };
		A4A0318F6463431087594DA0 /* GoingQuietSignal.swift */ = {isa = PBXFileReference; lastKnownFileType = sourcecode.swift; path = GoingQuietSignal.swift; sourceTree = "<group>"; };
		A5AE5052D754AAC4553B6E69 /* NoteDistiller.swift */ = {isa = PBXFileReference; lastKnownFileType = sourcecode.swift; path = NoteDistiller.swift; sourceTree = "<group>"; };
		A754A24BB56F62D6EE2963EA /* PendingProfileSaves.swift */ = {isa = PBXFileReference; lastKnownFileType = sourcecode.swift; path = PendingProfileSaves.swift; sourceTree = "<group>"; };
		A7923682551623339C11F93D /* RubricAdvisor.swift */ = {isa = PBXFileReference; lastKnownFileType = sourcecode.swift; path = RubricAdvisor.swift; sourceTree = "<group>"; };
		AC88F465A3740E50A3D39306 /* WebSharing.swift */ = {isa = PBXFileReference; lastKnownFileType = sourcecode.swift; path = WebSharing.swift; sourceTree = "<group>"; };
		B3C6B8636393601795161557 /* NextStepsSignal.swift */ = {isa = PBXFileReference; lastKnownFileType = sourcecode.swift; path = NextStepsSignal.swift; sourceTree = "<group>"; };
		B601F828AB17A262298DF0AE /* ContentView.swift */ = {isa = PBXFileReference; lastKnownFileType = sourcecode.swift; path = ContentView.swift; sourceTree = "<group>"; };
		B7CDB212B0E5B6D49D07C0A8 /* FocusGoals.swift */ = {isa = PBXFileReference; lastKnownFileType = sourcecode.swift; path = FocusGoals.swift; sourceTree = "<group>"; };
		B97FD941E80BA5417049F9CE /* TalkStats.swift */ = {isa = PBXFileReference; lastKnownFileType = sourcecode.swift; path = TalkStats.swift; sourceTree = "<group>"; };
		BB6CA4D089C636FF9E653ACF /* MeetingDetector.swift */ = {isa = PBXFileReference; lastKnownFileType = sourcecode.swift; path = MeetingDetector.swift; sourceTree = "<group>"; };
		BC33A03F287BAB0CDBCFC8FD /* StackedQuestionsSignal.swift */ = {isa = PBXFileReference; lastKnownFileType = sourcecode.swift; path = StackedQuestionsSignal.swift; sourceTree = "<group>"; };
		C383A162604A3D3AE197F2A2 /* SessionTrends.swift */ = {isa = PBXFileReference; lastKnownFileType = sourcecode.swift; path = SessionTrends.swift; sourceTree = "<group>"; };
		C6D95FE03A7025FB8F8EE69D /* MissingDiscoverySignal.swift */ = {isa = PBXFileReference; lastKnownFileType = sourcecode.swift; path = MissingDiscoverySignal.swift; sourceTree = "<group>"; };
		C8F05A5F9043EE4F2C14B8D5 /* AppSupport.swift */ = {isa = PBXFileReference; lastKnownFileType = sourcecode.swift; path = AppSupport.swift; sourceTree = "<group>"; };
		C9C7A3BC0456A49035438F8E /* MeetingAsk.swift */ = {isa = PBXFileReference; lastKnownFileType = sourcecode.swift; path = MeetingAsk.swift; sourceTree = "<group>"; };
		CA1F99166785B46F89B17133 /* TranscriptParser.swift */ = {isa = PBXFileReference; lastKnownFileType = sourcecode.swift; path = TranscriptParser.swift; sourceTree = "<group>"; };
		CDAB5DD9D8D87802B15EAF68 /* ParakeetDownloadState.swift */ = {isa = PBXFileReference; lastKnownFileType = sourcecode.swift; path = ParakeetDownloadState.swift; sourceTree = "<group>"; };
		CDFE946C214D3FA7737FF232 /* VoiceClipSelection.swift */ = {isa = PBXFileReference; lastKnownFileType = sourcecode.swift; path = VoiceClipSelection.swift; sourceTree = "<group>"; };
		D2B794F3FFF35F998081042B /* TalkCharts.swift */ = {isa = PBXFileReference; lastKnownFileType = sourcecode.swift; path = TalkCharts.swift; sourceTree = "<group>"; };
		D42F23C4E546293201AFCA59 /* Info.plist */ = {isa = PBXFileReference; lastKnownFileType = text.plist; path = Info.plist; sourceTree = "<group>"; };
		D5560738095EF73A5816E554 /* Mclog.swift */ = {isa = PBXFileReference; lastKnownFileType = sourcecode.swift; path = Mclog.swift; sourceTree = "<group>"; };
		D6012F4265B831203CEF29D7 /* PositiveSignals.swift */ = {isa = PBXFileReference; lastKnownFileType = sourcecode.swift; path = PositiveSignals.swift; sourceTree = "<group>"; };
		DF9C912979FF9EFB91A45FF1 /* MeetMouseApp.swift */ = {isa = PBXFileReference; lastKnownFileType = sourcecode.swift; path = MeetMouseApp.swift; sourceTree = "<group>"; };
		E03360FE07AA3CD101D27116 /* AppBundleNameMigration.swift */ = {isa = PBXFileReference; lastKnownFileType = sourcecode.swift; path = AppBundleNameMigration.swift; sourceTree = "<group>"; };
		E2D977B35E70510FAAE58159 /* AdaptiveThresholds.swift */ = {isa = PBXFileReference; lastKnownFileType = sourcecode.swift; path = AdaptiveThresholds.swift; sourceTree = "<group>"; };
		E80054B1508EFBBFD8D840F3 /* CoachingOverlayPanel.swift */ = {isa = PBXFileReference; lastKnownFileType = sourcecode.swift; path = CoachingOverlayPanel.swift; sourceTree = "<group>"; };
		E9892670227218AFE8677E69 /* QuestionParkedSignal.swift */ = {isa = PBXFileReference; lastKnownFileType = sourcecode.swift; path = QuestionParkedSignal.swift; sourceTree = "<group>"; };
		EAC07F7931A467E07514A5B8 /* Rubric.swift */ = {isa = PBXFileReference; lastKnownFileType = sourcecode.swift; path = Rubric.swift; sourceTree = "<group>"; };
		EB68720A316FEE2207F54E4B /* SpeakerDiarizer.swift */ = {isa = PBXFileReference; lastKnownFileType = sourcecode.swift; path = SpeakerDiarizer.swift; sourceTree = "<group>"; };
		F56C800A06EA0F3F19E249A9 /* OverrunSignal.swift */ = {isa = PBXFileReference; lastKnownFileType = sourcecode.swift; path = OverrunSignal.swift; sourceTree = "<group>"; };
		FA0A3778DC493524AA4D6FE0 /* TalkTimeSignal.swift */ = {isa = PBXFileReference; lastKnownFileType = sourcecode.swift; path = TalkTimeSignal.swift; sourceTree = "<group>"; };
/* End PBXFileReference section */

/* Begin PBXFrameworksBuildPhase section */
		7DC22CA249D6D735BC064D04 /* Frameworks */ = {
			isa = PBXFrameworksBuildPhase;
			buildActionMask = 2147483647;
			files = (
				F1CADB35E72BF742F5571672 /* Yams in Frameworks */,
				D77C09AA85DC5397A7D1B114 /* Sparkle in Frameworks */,
				42613F60A3CB14497FC859C2 /* FluidAudio in Frameworks */,
			);
			runOnlyForDeploymentPostprocessing = 0;
		};
/* End PBXFrameworksBuildPhase section */

/* Begin PBXGroup section */
		1031CDFCD30D6FAAEFEAB8B9 /* Views */ = {
			isa = PBXGroup;
			children = (
				E80054B1508EFBBFD8D840F3 /* CoachingOverlayPanel.swift */,
				98DF6673920BD9AAF4C4B8E0 /* Dorado.swift */,
				35B1ADEF0B99BDEB25D36FE4 /* FeedbackFormView.swift */,
				35350EAFCF72EF5D24FA7AA1 /* GeneralSettingsView.swift */,
				21E0D0FECB8A88B3565D1140 /* GiveMeetMouseView.swift */,
				96F44479B82669A57E95C7E4 /* MeetingPromptPanel.swift */,
				656450659BC1ACF5F68F709C /* MeetingReviewView.swift */,
				2F19AFCB82618FCED078DF03 /* MeetingsHomeView.swift */,
				34B2E80ECDD1EC3FD9556335 /* OnboardingChecklistView.swift */,
				25F544EB2BBE998E71984423 /* PreCallFormView.swift */,
				0B4B0AF697805859194CB8FB /* ProgressDashboardView.swift */,
				0B24680F8123FEF4092933AF /* SafeElementBinding.swift */,
				38AF9EC84551A2A07E86DADF /* SearchResultsView.swift */,
				7BFDDC5E15E6CA9D8E03D659 /* SessionDetailView.swift */,
				7A2619C7DBDE479D92329B84 /* SessionTrendsView.swift */,
				42EB3CC413C5B3BE91CB18AB /* ShareNotesSheet.swift */,
				D2B794F3FFF35F998081042B /* TalkCharts.swift */,
			);
			path = Views;
			sourceTree = "<group>";
		};
		1FB0F9DBD59CE8BE4EC2C3E0 /* App */ = {
			isa = PBXGroup;
			children = (
				E03360FE07AA3CD101D27116 /* AppBundleNameMigration.swift */,
				B601F828AB17A262298DF0AE /* ContentView.swift */,
				DF9C912979FF9EFB91A45FF1 /* MeetMouseApp.swift */,
			);
			path = App;
			sourceTree = "<group>";
		};
		59CB2AB05B7F9A533618B1AD /* MeetingCoach */ = {
			isa = PBXGroup;
			children = (
				D42F23C4E546293201AFCA59 /* Info.plist */,
				1FB0F9DBD59CE8BE4EC2C3E0 /* App */,
				7E6FC1095E62A1F6869418DD /* Engine */,
				89DFE26F6B9166CB849E8014 /* Models */,
				791CF1EF21CF6CA099CADB51 /* Resources */,
				A37789C97012E9010F8CA7B4 /* ViewModels */,
				1031CDFCD30D6FAAEFEAB8B9 /* Views */,
			);
			path = MeetingCoach;
			sourceTree = "<group>";
		};
		791CF1EF21CF6CA099CADB51 /* Resources */ = {
			isa = PBXGroup;
			children = (
				99FF311B3C3C0B29ECF0C296 /* Assets.xcassets */,
				14D8000DD43FC31EDFC5A989 /* bird_chirp.wav */,
				06F4E4B9E736297E660D19A4 /* Credits.rtf */,
				23D1C856F0DF834FA86ED8B8 /* default_rubric.yaml */,
				1AD95CCA3F1885640ECB50DE /* demo_meeting.txt */,
				59A325315611300C1A9E2C53 /* demo_nudges.json */,
			);
			path = Resources;
			sourceTree = "<group>";
		};
		7E6FC1095E62A1F6869418DD /* Engine */ = {
			isa = PBXGroup;
			children = (
				E2D977B35E70510FAAE58159 /* AdaptiveThresholds.swift */,
				169665A106EBBC6CCDA1F018 /* AudioCaptureManager.swift */,
				8143978E87DDB116AC0D3FD8 /* DemoScript.swift */,
				2FBAD9FDD0A26CB47962E922 /* DeterministicReview.swift */,
				85881F8DA1B5854DE7BA9F7A /* EchoFilter.swift */,
				679CAE424170B3184298CF5C /* GranolaImporter.swift */,
				D5560738095EF73A5816E554 /* Mclog.swift */,
				C9C7A3BC0456A49035438F8E /* MeetingAsk.swift */,
				A1A12E30BEB51DFB2F939AE4 /* MeetingDetectionService.swift */,
				BB6CA4D089C636FF9E653ACF /* MeetingDetector.swift */,
				0039986CEDE49DF43FF2342E /* MeetingWindowHeuristics.swift */,
				6AED495973BB067AF320CFA5 /* MicrophoneFormatPolicy.swift */,
				A5AE5052D754AAC4553B6E69 /* NoteDistiller.swift */,
				2BBC737499DA851F1E6127E0 /* NudgeBackoff.swift */,
				6A1BF8C4DA14D327E81E1832 /* OllamaClient.swift */,
				9AA712484D677FBBAA951166 /* OllamaManager.swift */,
				CDAB5DD9D8D87802B15EAF68 /* ParakeetDownloadState.swift */,
				73E93FA8D25DA2577F2827FF /* ParakeetTranscriber.swift */,
				A754A24BB56F62D6EE2963EA /* PendingProfileSaves.swift */,
				6BB9F3C621505E5F9C1C74CF /* PlatformSupport.swift */,
				78FD64A28567F115FD3944A4 /* PromptBuilder.swift */,
				3148143DE9DBDDDC62BC5535 /* RecapExporter.swift */,
				A7923682551623339C11F93D /* RubricAdvisor.swift */,
				07506FC59991300DD4578DB0 /* SemanticCoach.swift */,
				5CD2E43CC253B7430EF30361 /* SignalEngine.swift */,
				EB68720A316FEE2207F54E4B /* SpeakerDiarizer.swift */,
				02B06A3C2CEC6987AF46994E /* SpeakerNameInference.swift */,
				B97FD941E80BA5417049F9CE /* TalkStats.swift */,
				9FFBE4A37EC6EEE8D7A7516D /* TranscriptAnalysis.swift */,
				16524492B9725FF3E217054B /* TranscriptCleanup.swift */,
				CA1F99166785B46F89B17133 /* TranscriptParser.swift */,
				0F81DB4510A2BF8EF10A65C7 /* TuningTypes.swift */,
				CDFE946C214D3FA7737FF232 /* VoiceClipSelection.swift */,
				1E8658BF35A80CECD00D0FBE /* VoiceProfileStore.swift */,
				DBC9BADF442D5516D4C8BEC1 /* Signals */,
			);
			path = Engine;
			sourceTree = "<group>";
		};
		89DFE26F6B9166CB849E8014 /* Models */ = {
			isa = PBXGroup;
			children = (
				C8F05A5F9043EE4F2C14B8D5 /* AppSupport.swift */,
				B7CDB212B0E5B6D49D07C0A8 /* FocusGoals.swift */,
				41E79DEE155A7764611418A7 /* MeetingLanguage.swift */,
				35964E2F9634996C0ACEB39C /* MeetingReview.swift */,
				736B9D6AC7AFE9AA6A2D5725 /* Nudge.swift */,
				208023EBBD04229F5503508A /* ParticipantStore.swift */,
				225E2615B3AE8C52C84A54FD /* PermissionStatus.swift */,
				0302009AC6EADB2189C6E775 /* PreCallContext.swift */,
				947B36BFD468E1C108A1381C /* ReferralInvites.swift */,
				EAC07F7931A467E07514A5B8 /* Rubric.swift */,
				9E3C38C1B54A15F61FEB493A /* RubricAdvisorApply.swift */,
				C383A162604A3D3AE197F2A2 /* SessionTrends.swift */,
				5C9A04C9B391284F7BCDBD2E /* TrainingExample.swift */,
				48F9343259F30B3410C031F9 /* TranscriptSearch.swift */,
				3F96FF8CF114AAA6D7FDFBDF /* TranscriptStore.swift */,
				826E23E63EE91A96C88BA0F1 /* Trigger.swift */,
				81D33EEE89EF224DC87FCF6E /* Utterance.swift */,
				AC88F465A3740E50A3D39306 /* WebSharing.swift */,
			);
			path = Models;
			sourceTree = "<group>";
		};
		A37789C97012E9010F8CA7B4 /* ViewModels */ = {
			isa = PBXGroup;
			children = (
				67120DB8C352138595D0B749 /* LiveSessionViewModel.swift */,
				226945101416D23B896436E1 /* SettingsViewModel.swift */,
			);
			path = ViewModels;
			sourceTree = "<group>";
		};
		B94B9DCB71F9C50EE8C8B356 /* Products */ = {
			isa = PBXGroup;
			children = (
				68FD97A461F0CDDDFC997439 /* meetingcoach-mcp */,
				61CBD7F2B9C7BC596D8D6984 /* MeetingCoach.app */,
			);
			name = Products;
			sourceTree = "<group>";
		};
		C68A2F067F5AC35731743405 /* mcp-server */ = {
			isa = PBXGroup;
			children = (
				5D25D2CC8CBD4346DBFB9924 /* main.swift */,
			);
			path = "mcp-server";
			sourceTree = "<group>";
		};
		DBC9BADF442D5516D4C8BEC1 /* Signals */ = {
			isa = PBXGroup;
			children = (
				A4A0318F6463431087594DA0 /* GoingQuietSignal.swift */,
				9AC5039B5EC737FFECE6A190 /* HighStakesSignal.swift */,
				88673BD63F55A97082E19D05 /* InterruptionSignal.swift */,
				C6D95FE03A7025FB8F8EE69D /* MissingDiscoverySignal.swift */,
				B3C6B8636393601795161557 /* NextStepsSignal.swift */,
				F56C800A06EA0F3F19E249A9 /* OverrunSignal.swift */,
				D6012F4265B831203CEF29D7 /* PositiveSignals.swift */,
				E9892670227218AFE8677E69 /* QuestionParkedSignal.swift */,
				0A77874939901EA598BC1814 /* RepetitionLoopSignal.swift */,
				BC33A03F287BAB0CDBCFC8FD /* StackedQuestionsSignal.swift */,
				FA0A3778DC493524AA4D6FE0 /* TalkTimeSignal.swift */,
				6506F84B219D29F99152C209 /* TimeCheckSignal.swift */,
				912C009E304E68EE3CED2F6A /* UnansweredQuestionSignal.swift */,
				94EF3B004043BDF659A8C3C2 /* VagueAnswerSignal.swift */,
				5D5E9BDD00E23D1F8DEC8F23 /* VoiceShareSignal.swift */,
				0AA57261742100AD1915A9F4 /* YesManSignal.swift */,
			);
			path = Signals;
			sourceTree = "<group>";
		};
		E53D33D29284EA222E7580F9 = {
			isa = PBXGroup;
			children = (
				74A9072A6A77D0C9F86838A1 /* Fonts */,
				69834923A05B2FEECE228263 /* ollama */,
				C68A2F067F5AC35731743405 /* mcp-server */,
				59CB2AB05B7F9A533618B1AD /* MeetingCoach */,
				B94B9DCB71F9C50EE8C8B356 /* Products */,
			);
			sourceTree = "<group>";
		};
/* End PBXGroup section */

/* Begin PBXNativeTarget section */
		29B4751C5667EE113948EC15 /* meetingcoach-mcp */ = {
			isa = PBXNativeTarget;
			buildConfigurationList = D0107E33351FD334D60F74C4 /* Build configuration list for PBXNativeTarget "meetingcoach-mcp" */;
			buildPhases = (
				5054F22ED6D25A739725D41B /* Sources */,
			);
			buildRules = (
			);
			dependencies = (
			);
			name = "meetingcoach-mcp";
			packageProductDependencies = (
			);
			productName = "meetingcoach-mcp";
			productReference = 68FD97A461F0CDDDFC997439 /* meetingcoach-mcp */;
			productType = "com.apple.product-type.tool";
		};
		D1A8716762363953800FC52D /* MeetingCoach */ = {
			isa = PBXNativeTarget;
			buildConfigurationList = 2B40B58F29436042B2DADE30 /* Build configuration list for PBXNativeTarget "MeetingCoach" */;
			buildPhases = (
				58CD54DE9EE83E8C0C8C703D /* Ensure ollama resource dir exists */,
				B9B6D1CF78696895E5DA41AF /* Sources */,
				0874089BE662ED1DAB699DEB /* Resources */,
				7DC22CA249D6D735BC064D04 /* Frameworks */,
				1AB0B55174E14AD2592325A2 /* Embed MCP helper */,
				FC022119AEFF1BFA9E8F1191 /* Stamp dev build commit */,
			);
			buildRules = (
			);
			dependencies = (
				BE9842CC711FEDA2704C0A99 /* PBXTargetDependency */,
			);
			name = MeetingCoach;
			packageProductDependencies = (
				F03462EBA44605723460996E /* Yams */,
				2ADB653C496B73D902CC4DFD /* Sparkle */,
				52193459BBD760AF1CA7B7F7 /* FluidAudio */,
			);
			productName = MeetingCoach;
			productReference = 61CBD7F2B9C7BC596D8D6984 /* MeetingCoach.app */;
			productType = "com.apple.product-type.application";
		};
/* End PBXNativeTarget section */

/* Begin PBXProject section */
		A788D3D8979D0C513FC93730 /* Project object */ = {
			isa = PBXProject;
			attributes = {
				BuildIndependentTargetsInParallel = YES;
				LastUpgradeCheck = 1600;
				TargetAttributes = {
					29B4751C5667EE113948EC15 = {
						DevelopmentTeam = "";
						ProvisioningStyle = Manual;
					};
					D1A8716762363953800FC52D = {
						DevelopmentTeam = "";
						ProvisioningStyle = Manual;
					};
				};
			};
			buildConfigurationList = C600C4B84904CD7C64046066 /* Build configuration list for PBXProject "MeetingCoach" */;
			developmentRegion = en;
			hasScannedForEncodings = 0;
			knownRegions = (
				Base,
				en,
			);
			mainGroup = E53D33D29284EA222E7580F9;
			minimizedProjectReferenceProxies = 1;
			packageReferences = (
				2C1BEE8C401178020F882506 /* XCRemoteSwiftPackageReference "FluidAudio" */,
				BB27E6060BE992D797223730 /* XCRemoteSwiftPackageReference "Sparkle" */,
				7146E9C669CF5019F145E411 /* XCRemoteSwiftPackageReference "Yams" */,
			);
			preferredProjectObjectVersion = 77;
			productRefGroup = B94B9DCB71F9C50EE8C8B356 /* Products */;
			projectDirPath = "";
			projectRoot = "";
			targets = (
				D1A8716762363953800FC52D /* MeetingCoach */,
				29B4751C5667EE113948EC15 /* meetingcoach-mcp */,
			);
		};
/* End PBXProject section */

/* Begin PBXResourcesBuildPhase section */
		0874089BE662ED1DAB699DEB /* Resources */ = {
			isa = PBXResourcesBuildPhase;
			buildActionMask = 2147483647;
			files = (
				98104496237EA3D2AEC65205 /* Assets.xcassets in Resources */,
				EB6A5F6E68FD130E49B7DEC9 /* Credits.rtf in Resources */,
				CE20F93E50F815AC45DAC03E /* Fonts in Resources */,
				602166D3A6873647DC911FDE /* bird_chirp.wav in Resources */,
				1A069F944F7C5D988C7FADC0 /* default_rubric.yaml in Resources */,
				C0B318FF6582287A051C4103 /* demo_meeting.txt in Resources */,
				2916A44AB67B6A20284FA249 /* demo_nudges.json in Resources */,
				93AE13A08E89B2CF091A7274 /* ollama in Resources */,
			);
			runOnlyForDeploymentPostprocessing = 0;
		};
/* End PBXResourcesBuildPhase section */

/* Begin PBXShellScriptBuildPhase section */
		1AB0B55174E14AD2592325A2 /* Embed MCP helper */ = {
			isa = PBXShellScriptBuildPhase;
			buildActionMask = 2147483647;
			files = (
			);
			inputFileListPaths = (
			);
			inputPaths = (
			);
			name = "Embed MCP helper";
			outputFileListPaths = (
			);
			outputPaths = (
				"${BUILT_PRODUCTS_DIR}/${EXECUTABLE_FOLDER_PATH}/meetmouse-mcp",
				"${BUILT_PRODUCTS_DIR}/${EXECUTABLE_FOLDER_PATH}/meetingcoach-mcp",
			);
			runOnlyForDeploymentPostprocessing = 0;
			shellPath = /bin/sh;
			shellScript = "if [ -f \"${BUILT_PRODUCTS_DIR}/meetmouse-mcp\" ]; then\n  cp \"${BUILT_PRODUCTS_DIR}/meetmouse-mcp\" \\\n     \"${BUILT_PRODUCTS_DIR}/${EXECUTABLE_FOLDER_PATH}/meetmouse-mcp\"\n  # Keep the legacy helper name so existing local agent configs\n  # continue to work after an in-place Sparkle update.\n  cp \"${BUILT_PRODUCTS_DIR}/meetmouse-mcp\" \\\n     \"${BUILT_PRODUCTS_DIR}/${EXECUTABLE_FOLDER_PATH}/meetingcoach-mcp\"\nfi\n";
		};
		58CD54DE9EE83E8C0C8C703D /* Ensure ollama resource dir exists */ = {
			isa = PBXShellScriptBuildPhase;
			buildActionMask = 2147483647;
			files = (
			);
			inputFileListPaths = (
			);
			inputPaths = (
			);
			name = "Ensure ollama resource dir exists";
			outputFileListPaths = (
			);
			outputPaths = (
			);
			runOnlyForDeploymentPostprocessing = 0;
			shellPath = /bin/sh;
			shellScript = "mkdir -p \"${SRCROOT}/MeetingCoach/Resources/ollama\"\n";
		};
		FC022119AEFF1BFA9E8F1191 /* Stamp dev build commit */ = {
			isa = PBXShellScriptBuildPhase;
			alwaysOutOfDate = 1;
			buildActionMask = 2147483647;
			files = (
			);
			inputFileListPaths = (
			);
			inputPaths = (
			);
			name = "Stamp dev build commit";
			outputFileListPaths = (
			);
			outputPaths = (
			);
			runOnlyForDeploymentPostprocessing = 0;
			shellPath = /bin/sh;
			shellScript = "if [ \"${CONFIGURATION}\" = \"Debug\" ]; then\n  SHA=$(git -C \"${SRCROOT}\" rev-parse --short HEAD 2>/dev/null || echo local)\n  PLIST=\"${TARGET_BUILD_DIR}/${INFOPLIST_PATH}\"\n  /usr/libexec/PlistBuddy -c \"Delete :MCBuildCommit\" \"$PLIST\" 2>/dev/null || true\n  /usr/libexec/PlistBuddy -c \"Add :MCBuildCommit string ${SHA}\" \"$PLIST\"\nfi\n";
		};
/* End PBXShellScriptBuildPhase section */

/* Begin PBXSourcesBuildPhase section */
		5054F22ED6D25A739725D41B /* Sources */ = {
			isa = PBXSourcesBuildPhase;
			buildActionMask = 2147483647;
			files = (
				CE29BF1EE8DA68A7A94EA4E2 /* AppSupport.swift in Sources */,
				8CA26EBEB1039CBE90A0D285 /* TranscriptSearch.swift in Sources */,
				48DFEC114082BF96EBEF74C8 /* main.swift in Sources */,
			);
			runOnlyForDeploymentPostprocessing = 0;
		};
		B9B6D1CF78696895E5DA41AF /* Sources */ = {
			isa = PBXSourcesBuildPhase;
			buildActionMask = 2147483647;
			files = (
				14F45DE559A585FE6868EB2B /* AdaptiveThresholds.swift in Sources */,
				DEB20958B6B4DC26619F9B5F /* AppBundleNameMigration.swift in Sources */,
				E50CF069AE16583B2665E1BE /* AppSupport.swift in Sources */,
				80A3C6A385E3EE4BE0E678BD /* AudioCaptureManager.swift in Sources */,
				47D5418F46BB2B90178F534E /* CoachingOverlayPanel.swift in Sources */,
				831AAAE68BDAAC75DC37FB2B /* ContentView.swift in Sources */,
				965F05D47B12F506C3B6CE55 /* DemoScript.swift in Sources */,
				0B9771217CC1244125C2B177 /* DeterministicReview.swift in Sources */,
				A113E174C9E4738E99D17427 /* Dorado.swift in Sources */,
				3777383CF5218E48A0B5262D /* EchoFilter.swift in Sources */,
				7738C639EFAA02BEF8DD5765 /* FeedbackFormView.swift in Sources */,
				0C80F4E7CBCBC9D2C7FA9664 /* FocusGoals.swift in Sources */,
				6DDB4B7AD7A30F488D641CD9 /* GeneralSettingsView.swift in Sources */,
				9FC953EE954ED076AF94C4E9 /* GiveMeetMouseView.swift in Sources */,
				27B1368F1ECD54E49385BA3E /* GoingQuietSignal.swift in Sources */,
				1A7CB48B06661E230AB0EC66 /* GranolaImporter.swift in Sources */,
				C7D931047233C23F27CBE934 /* HighStakesSignal.swift in Sources */,
				E64A1CF9A596EDF1578EA6E0 /* InterruptionSignal.swift in Sources */,
				B2AC75147E4394FD58C99445 /* LiveSessionViewModel.swift in Sources */,
				6C768BCDCE0CDE33A7F70567 /* Mclog.swift in Sources */,
				FEECFE76BBBBC7DE72D89FE6 /* MeetMouseApp.swift in Sources */,
				486F7585BE90347738E948CE /* MeetingAsk.swift in Sources */,
				A36D1448B1484E7ACF6E53D5 /* MeetingDetectionService.swift in Sources */,
				417ACEAF577CB9DB73C67193 /* MeetingDetector.swift in Sources */,
				D7E82BEB63E8D0037A2EB59E /* MeetingLanguage.swift in Sources */,
				125031287F601C3F45385D84 /* MeetingPromptPanel.swift in Sources */,
				9CFEB7F1FAAB9B376743DE9E /* MeetingReview.swift in Sources */,
				E7FFC6FB0B3CCA7EA40EEFD0 /* MeetingReviewView.swift in Sources */,
				0170D229D930510652FB627F /* MeetingWindowHeuristics.swift in Sources */,
				35823FAC9EE56A55A6056BC1 /* MeetingsHomeView.swift in Sources */,
				98E5BB4209899EF66A7A1B84 /* MicrophoneFormatPolicy.swift in Sources */,
				AC2DFEF84296BA4652EA853B /* MissingDiscoverySignal.swift in Sources */,
				46BB0140FA3D0C6D5953EA48 /* NextStepsSignal.swift in Sources */,
				55D4DD753779ACBE7E35E8D3 /* NoteDistiller.swift in Sources */,
				8A631782D7199EBCE5560A50 /* Nudge.swift in Sources */,
				7F992768252A6BB47097CD59 /* NudgeBackoff.swift in Sources */,
				FF20EDCA009AC9F00BC2968E /* OllamaClient.swift in Sources */,
				29B5CC4536FD985F624286F8 /* OllamaManager.swift in Sources */,
				80330BBFB7DC43B0392C9628 /* OnboardingChecklistView.swift in Sources */,
				070C44F2395C329D75265ED2 /* OverrunSignal.swift in Sources */,
				ED6A7299FC6E5DD91524676C /* ParakeetDownloadState.swift in Sources */,
				4030F7FB23A09D09F296291C /* ParakeetTranscriber.swift in Sources */,
				752E7C3A09F3FFE9824E2003 /* ParticipantStore.swift in Sources */,
				2265774E4ECFBF672ACE5D79 /* PendingProfileSaves.swift in Sources */,
				1D7451CFA623A70BBDE9DBBC /* PermissionStatus.swift in Sources */,
				4A4FF91E00B9AFD2E0944107 /* PlatformSupport.swift in Sources */,
				C4B5DD336F4BEA94B577F930 /* PositiveSignals.swift in Sources */,
				1C1FD0E1B619D8BD0BDE9FF4 /* PreCallContext.swift in Sources */,
				643DA0464410998385AE5E60 /* PreCallFormView.swift in Sources */,
				B61F4F0049C5BEBE7D264905 /* ProgressDashboardView.swift in Sources */,
				D18015A9C5944D5D37845BC9 /* PromptBuilder.swift in Sources */,
				3DD7919979773DBC30AA415A /* QuestionParkedSignal.swift in Sources */,
				0008F2110177FBEC739677D3 /* RecapExporter.swift in Sources */,
				DC339E0767F4891CCD3BAF02 /* ReferralInvites.swift in Sources */,
				FE81E3B044352DA913F1A58B /* RepetitionLoopSignal.swift in Sources */,
				95BAA399EE14E37A99CF1834 /* Rubric.swift in Sources */,
				3487A8880341CF546AEE8431 /* RubricAdvisor.swift in Sources */,
				92904ECCEF60B928FB98FB5A /* RubricAdvisorApply.swift in Sources */,
				BCC30F8C241C9E69FF414B44 /* SafeElementBinding.swift in Sources */,
				230953F58905C232A72F61EF /* SearchResultsView.swift in Sources */,
				A4FE039B5DC3EE1C8C2793AD /* SemanticCoach.swift in Sources */,
				FFB7FE0F2B5AAC40276DA50F /* SessionDetailView.swift in Sources */,
				C333FB6099F885862570B759 /* SessionTrends.swift in Sources */,
				85E59446014AE47DD1E5A810 /* SessionTrendsView.swift in Sources */,
				C322C07D3607C86B929C4345 /* SettingsViewModel.swift in Sources */,
				48D5C327203435A3F1B3194E /* ShareNotesSheet.swift in Sources */,
				5786720067BE8A950F4165ED /* SignalEngine.swift in Sources */,
				75C0D28E8BF07978D20349B6 /* SpeakerDiarizer.swift in Sources */,
				F94B6C352B5D69158C43E11C /* SpeakerNameInference.swift in Sources */,
				CFFBB860B8F9AB35E34F7AEA /* StackedQuestionsSignal.swift in Sources */,
				ED79D15397793472C866F5FE /* TalkCharts.swift in Sources */,
				ACF7E740CC593F7C1077E087 /* TalkStats.swift in Sources */,
				3C2ED703482E504317466F11 /* TalkTimeSignal.swift in Sources */,
				0562C24581425CB3865E1A8F /* TimeCheckSignal.swift in Sources */,
				4C4CE6FBC1FF6641932BEC3B /* TrainingExample.swift in Sources */,
				A1D971DC2241B73DC1713D26 /* TranscriptAnalysis.swift in Sources */,
				D3610C9D3F85F755820E10C3 /* TranscriptCleanup.swift in Sources */,
				FBBB2B4DB3372B0DD8A7CEE8 /* TranscriptParser.swift in Sources */,
				97BBFAF4DAC944901C41F097 /* TranscriptSearch.swift in Sources */,
				646D824B1FF7ECF4F27A8229 /* TranscriptStore.swift in Sources */,
				B1EEF82CF42D4472D319BA92 /* Trigger.swift in Sources */,
				41742BA1758E72F5F58444E1 /* TuningTypes.swift in Sources */,
				16BE255C6A7E0741602AAD26 /* UnansweredQuestionSignal.swift in Sources */,
				1F9054E3DCAD7089CBA0CBA2 /* Utterance.swift in Sources */,
				2FEDD9EAC36955339A139478 /* VagueAnswerSignal.swift in Sources */,
				9AC524542146972D8144739E /* VoiceClipSelection.swift in Sources */,
				0DB912487D86ACAA5CC13926 /* VoiceProfileStore.swift in Sources */,
				AB4F784C20C480FD7A9CD4BD /* VoiceShareSignal.swift in Sources */,
				77377E23305604276D5C95FA /* WebSharing.swift in Sources */,
				F285F58F0AEDB1C24B9ACF59 /* YesManSignal.swift in Sources */,
			);
			runOnlyForDeploymentPostprocessing = 0;
		};
/* End PBXSourcesBuildPhase section */

/* Begin PBXTargetDependency section */
		BE9842CC711FEDA2704C0A99 /* PBXTargetDependency */ = {
			isa = PBXTargetDependency;
			target = 29B4751C5667EE113948EC15 /* meetingcoach-mcp */;
			targetProxy = 235DA6B56489FA2DC3B584A1 /* PBXContainerItemProxy */;
		};
/* End PBXTargetDependency section */

/* Begin XCBuildConfiguration section */
		1A6CE085C39F387BB7510917 /* Release */ = {
			isa = XCBuildConfiguration;
			buildSettings = {
				ASSETCATALOG_COMPILER_APPICON_NAME = AppIcon;
				CODE_SIGNING_REQUIRED = YES;
				CODE_SIGN_IDENTITY = "Apple Development: noah kagan (6S468FFG82)";
				CODE_SIGN_STYLE = Manual;
				COMBINE_HIDPI_IMAGES = YES;
				CURRENT_PROJECT_VERSION = 1;
				DEVELOPMENT_TEAM = "";
				ENABLE_APP_SANDBOX = NO;
				ENABLE_USER_SCRIPT_SANDBOXING = NO;
				GENERATE_INFOPLIST_FILE = YES;
				INFOPLIST_FILE = MeetingCoach/Info.plist;
				INFOPLIST_KEY_CFBundleDisplayName = MeetMouse;
				INFOPLIST_KEY_LSApplicationCategoryType = "public.app-category.productivity";
				INFOPLIST_KEY_NSMicrophoneUsageDescription = "MeetMouse uses your microphone to transcribe meeting audio for real-time coaching.";
				INFOPLIST_KEY_NSSpeechRecognitionUsageDescription = "MeetMouse uses on-device speech recognition to provide real-time coaching.";
				LD_RUNPATH_SEARCH_PATHS = (
					"$(inherited)",
					"@executable_path/../Frameworks",
				);
				MACOSX_DEPLOYMENT_TARGET = 14.2;
				MARKETING_VERSION = 0.1.0;
				PRODUCT_BUNDLE_IDENTIFIER = com.coach.MeetingCoach;
				PRODUCT_NAME = MeetMouse;
				SDKROOT = macosx;
				SWIFT_VERSION = 6.0;
			};
			name = Release;
		};
		3A2AF766C28B4FC6E9EDA989 /* Release */ = {
			isa = XCBuildConfiguration;
			buildSettings = {
				ALWAYS_SEARCH_USER_PATHS = NO;
				CLANG_ANALYZER_NONNULL = YES;
				CLANG_ANALYZER_NUMBER_OBJECT_CONVERSION = YES_AGGRESSIVE;
				CLANG_CXX_LANGUAGE_STANDARD = "gnu++14";
				CLANG_CXX_LIBRARY = "libc++";
				CLANG_ENABLE_MODULES = YES;
				CLANG_ENABLE_OBJC_ARC = YES;
				CLANG_ENABLE_OBJC_WEAK = YES;
				CLANG_WARN_BLOCK_CAPTURE_AUTORELEASING = YES;
				CLANG_WARN_BOOL_CONVERSION = YES;
				CLANG_WARN_COMMA = YES;
				CLANG_WARN_CONSTANT_CONVERSION = YES;
				CLANG_WARN_DEPRECATED_OBJC_IMPLEMENTATIONS = YES;
				CLANG_WARN_DIRECT_OBJC_ISA_USAGE = YES_ERROR;
				CLANG_WARN_DOCUMENTATION_COMMENTS = YES;
				CLANG_WARN_EMPTY_BODY = YES;
				CLANG_WARN_ENUM_CONVERSION = YES;
				CLANG_WARN_INFINITE_RECURSION = YES;
				CLANG_WARN_INT_CONVERSION = YES;
				CLANG_WARN_NON_LITERAL_NULL_CONVERSION = YES;
				CLANG_WARN_OBJC_IMPLICIT_RETAIN_SELF = YES;
				CLANG_WARN_OBJC_LITERAL_CONVERSION = YES;
				CLANG_WARN_OBJC_ROOT_CLASS = YES_ERROR;
				CLANG_WARN_QUOTED_INCLUDE_IN_FRAMEWORK_HEADER = YES;
				CLANG_WARN_RANGE_LOOP_ANALYSIS = YES;
				CLANG_WARN_STRICT_PROTOTYPES = YES;
				CLANG_WARN_SUSPICIOUS_MOVE = YES;
				CLANG_WARN_UNGUARDED_AVAILABILITY = YES_AGGRESSIVE;
				CLANG_WARN_UNREACHABLE_CODE = YES;
				CLANG_WARN__DUPLICATE_METHOD_MATCH = YES;
				COPY_PHASE_STRIP = NO;
				DEBUG_INFORMATION_FORMAT = "dwarf-with-dsym";
				ENABLE_NS_ASSERTIONS = NO;
				ENABLE_STRICT_OBJC_MSGSEND = YES;
				GCC_C_LANGUAGE_STANDARD = gnu11;
				GCC_NO_COMMON_BLOCKS = YES;
				GCC_WARN_64_TO_32_BIT_CONVERSION = YES;
				GCC_WARN_ABOUT_RETURN_TYPE = YES_ERROR;
				GCC_WARN_UNDECLARED_SELECTOR = YES;
				GCC_WARN_UNINITIALIZED_AUTOS = YES_AGGRESSIVE;
				GCC_WARN_UNUSED_FUNCTION = YES;
				GCC_WARN_UNUSED_VARIABLE = YES;
				MACOSX_DEPLOYMENT_TARGET = 14.2;
				MTL_ENABLE_DEBUG_INFO = NO;
				MTL_FAST_MATH = YES;
				PRODUCT_NAME = "$(TARGET_NAME)";
				SDKROOT = macosx;
				SWIFT_COMPILATION_MODE = wholemodule;
				SWIFT_OPTIMIZATION_LEVEL = "-O";
				SWIFT_VERSION = 5.0;
			};
			name = Release;
		};
		689AAD1AFBFD3577E27EC7C7 /* Debug */ = {
			isa = XCBuildConfiguration;
			buildSettings = {
				ALWAYS_SEARCH_USER_PATHS = NO;
				CLANG_ANALYZER_NONNULL = YES;
				CLANG_ANALYZER_NUMBER_OBJECT_CONVERSION = YES_AGGRESSIVE;
				CLANG_CXX_LANGUAGE_STANDARD = "gnu++14";
				CLANG_CXX_LIBRARY = "libc++";
				CLANG_ENABLE_MODULES = YES;
				CLANG_ENABLE_OBJC_ARC = YES;
				CLANG_ENABLE_OBJC_WEAK = YES;
				CLANG_WARN_BLOCK_CAPTURE_AUTORELEASING = YES;
				CLANG_WARN_BOOL_CONVERSION = YES;
				CLANG_WARN_COMMA = YES;
				CLANG_WARN_CONSTANT_CONVERSION = YES;
				CLANG_WARN_DEPRECATED_OBJC_IMPLEMENTATIONS = YES;
				CLANG_WARN_DIRECT_OBJC_ISA_USAGE = YES_ERROR;
				CLANG_WARN_DOCUMENTATION_COMMENTS = YES;
				CLANG_WARN_EMPTY_BODY = YES;
				CLANG_WARN_ENUM_CONVERSION = YES;
				CLANG_WARN_INFINITE_RECURSION = YES;
				CLANG_WARN_INT_CONVERSION = YES;
				CLANG_WARN_NON_LITERAL_NULL_CONVERSION = YES;
				CLANG_WARN_OBJC_IMPLICIT_RETAIN_SELF = YES;
				CLANG_WARN_OBJC_LITERAL_CONVERSION = YES;
				CLANG_WARN_OBJC_ROOT_CLASS = YES_ERROR;
				CLANG_WARN_QUOTED_INCLUDE_IN_FRAMEWORK_HEADER = YES;
				CLANG_WARN_RANGE_LOOP_ANALYSIS = YES;
				CLANG_WARN_STRICT_PROTOTYPES = YES;
				CLANG_WARN_SUSPICIOUS_MOVE = YES;
				CLANG_WARN_UNGUARDED_AVAILABILITY = YES_AGGRESSIVE;
				CLANG_WARN_UNREACHABLE_CODE = YES;
				CLANG_WARN__DUPLICATE_METHOD_MATCH = YES;
				COPY_PHASE_STRIP = NO;
				DEBUG_INFORMATION_FORMAT = dwarf;
				ENABLE_STRICT_OBJC_MSGSEND = YES;
				ENABLE_TESTABILITY = YES;
				GCC_C_LANGUAGE_STANDARD = gnu11;
				GCC_DYNAMIC_NO_PIC = NO;
				GCC_NO_COMMON_BLOCKS = YES;
				GCC_OPTIMIZATION_LEVEL = 0;
				GCC_PREPROCESSOR_DEFINITIONS = (
					"$(inherited)",
					"DEBUG=1",
				);
				GCC_WARN_64_TO_32_BIT_CONVERSION = YES;
				GCC_WARN_ABOUT_RETURN_TYPE = YES_ERROR;
				GCC_WARN_UNDECLARED_SELECTOR = YES;
				GCC_WARN_UNINITIALIZED_AUTOS = YES_AGGRESSIVE;
				GCC_WARN_UNUSED_FUNCTION = YES;
				GCC_WARN_UNUSED_VARIABLE = YES;
				MACOSX_DEPLOYMENT_TARGET = 14.2;
				MTL_ENABLE_DEBUG_INFO = INCLUDE_SOURCE;
				MTL_FAST_MATH = YES;
				ONLY_ACTIVE_ARCH = YES;
				PRODUCT_NAME = "$(TARGET_NAME)";
				SDKROOT = macosx;
				SWIFT_ACTIVE_COMPILATION_CONDITIONS = DEBUG;
				SWIFT_OPTIMIZATION_LEVEL = "-Onone";
				SWIFT_VERSION = 5.0;
			};
			name = Debug;
		};
		8C212D9261B3379B99E98955 /* Debug */ = {
			isa = XCBuildConfiguration;
			buildSettings = {
				ASSETCATALOG_COMPILER_APPICON_NAME = AppIcon;
				CODE_SIGNING_REQUIRED = YES;
				CODE_SIGN_IDENTITY = "Apple Development: noah kagan (6S468FFG82)";
				CODE_SIGN_STYLE = Manual;
				COMBINE_HIDPI_IMAGES = YES;
				CURRENT_PROJECT_VERSION = 1;
				DEVELOPMENT_TEAM = "";
				ENABLE_APP_SANDBOX = NO;
				ENABLE_USER_SCRIPT_SANDBOXING = NO;
				GENERATE_INFOPLIST_FILE = YES;
				INFOPLIST_FILE = MeetingCoach/Info.plist;
				INFOPLIST_KEY_CFBundleDisplayName = MeetMouse;
				INFOPLIST_KEY_LSApplicationCategoryType = "public.app-category.productivity";
				INFOPLIST_KEY_NSMicrophoneUsageDescription = "MeetMouse uses your microphone to transcribe meeting audio for real-time coaching.";
				INFOPLIST_KEY_NSSpeechRecognitionUsageDescription = "MeetMouse uses on-device speech recognition to provide real-time coaching.";
				LD_RUNPATH_SEARCH_PATHS = (
					"$(inherited)",
					"@executable_path/../Frameworks",
				);
				MACOSX_DEPLOYMENT_TARGET = 14.2;
				MARKETING_VERSION = 0.1.0;
				PRODUCT_BUNDLE_IDENTIFIER = com.coach.MeetingCoach;
				PRODUCT_NAME = MeetMouse;
				SDKROOT = macosx;
				SWIFT_VERSION = 6.0;
			};
			name = Debug;
		};
		BE23F78E18921AAB58266038 /* Release */ = {
			isa = XCBuildConfiguration;
			buildSettings = {
				CODE_SIGN_IDENTITY = "Apple Development: noah kagan (6S468FFG82)";
				CODE_SIGN_STYLE = Manual;
				COMBINE_HIDPI_IMAGES = YES;
				DEVELOPMENT_TEAM = "";
				ENABLE_USER_SCRIPT_SANDBOXING = NO;
				LD_RUNPATH_SEARCH_PATHS = (
					"$(inherited)",
					"@executable_path/../Frameworks",
				);
				MACOSX_DEPLOYMENT_TARGET = 14.2;
				PRODUCT_BUNDLE_IDENTIFIER = "com.coach.meetingcoach-mcp";
				PRODUCT_NAME = "meetmouse-mcp";
				SDKROOT = macosx;
				SWIFT_VERSION = 6.0;
			};
			name = Release;
		};
		F0DEF0EB438D78CA5B5CA4FE /* Debug */ = {
			isa = XCBuildConfiguration;
			buildSettings = {
				CODE_SIGN_IDENTITY = "Apple Development: noah kagan (6S468FFG82)";
				CODE_SIGN_STYLE = Manual;
				COMBINE_HIDPI_IMAGES = YES;
				DEVELOPMENT_TEAM = "";
				ENABLE_USER_SCRIPT_SANDBOXING = NO;
				LD_RUNPATH_SEARCH_PATHS = (
					"$(inherited)",
					"@executable_path/../Frameworks",
				);
				MACOSX_DEPLOYMENT_TARGET = 14.2;
				PRODUCT_BUNDLE_IDENTIFIER = "com.coach.meetingcoach-mcp";
				PRODUCT_NAME = "meetmouse-mcp";
				SDKROOT = macosx;
				SWIFT_VERSION = 6.0;
			};
			name = Debug;
		};
/* End XCBuildConfiguration section */

/* Begin XCConfigurationList section */
		2B40B58F29436042B2DADE30 /* Build configuration list for PBXNativeTarget "MeetingCoach" */ = {
			isa = XCConfigurationList;
			buildConfigurations = (
				8C212D9261B3379B99E98955 /* Debug */,
				1A6CE085C39F387BB7510917 /* Release */,
			);
			defaultConfigurationIsVisible = 0;
			defaultConfigurationName = Debug;
		};
		C600C4B84904CD7C64046066 /* Build configuration list for PBXProject "MeetingCoach" */ = {
			isa = XCConfigurationList;
			buildConfigurations = (
				689AAD1AFBFD3577E27EC7C7 /* Debug */,
				3A2AF766C28B4FC6E9EDA989 /* Release */,
			);
			defaultConfigurationIsVisible = 0;
			defaultConfigurationName = Debug;
		};
		D0107E33351FD334D60F74C4 /* Build configuration list for PBXNativeTarget "meetingcoach-mcp" */ = {
			isa = XCConfigurationList;
			buildConfigurations = (
				F0DEF0EB438D78CA5B5CA4FE /* Debug */,
				BE23F78E18921AAB58266038 /* Release */,
			);
			defaultConfigurationIsVisible = 0;
			defaultConfigurationName = Debug;
		};
/* End XCConfigurationList section */

/* Begin XCRemoteSwiftPackageReference section */
		2C1BEE8C401178020F882506 /* XCRemoteSwiftPackageReference "FluidAudio" */ = {
			isa = XCRemoteSwiftPackageReference;
			repositoryURL = "https://github.com/FluidInference/FluidAudio";
			requirement = {
				kind = upToNextMajorVersion;
				minimumVersion = 0.15.5;
			};
		};
		7146E9C669CF5019F145E411 /* XCRemoteSwiftPackageReference "Yams" */ = {
			isa = XCRemoteSwiftPackageReference;
			repositoryURL = "https://github.com/jpsim/Yams.git";
			requirement = {
				kind = upToNextMajorVersion;
				minimumVersion = 5.0.0;
			};
		};
		BB27E6060BE992D797223730 /* XCRemoteSwiftPackageReference "Sparkle" */ = {
			isa = XCRemoteSwiftPackageReference;
			repositoryURL = "https://github.com/sparkle-project/Sparkle";
			requirement = {
				kind = upToNextMajorVersion;
				minimumVersion = 2.6.0;
			};
		};
/* End XCRemoteSwiftPackageReference section */

/* Begin XCSwiftPackageProductDependency section */
		2ADB653C496B73D902CC4DFD /* Sparkle */ = {
			isa = XCSwiftPackageProductDependency;
			package = BB27E6060BE992D797223730 /* XCRemoteSwiftPackageReference "Sparkle" */;
			productName = Sparkle;
		};
		52193459BBD760AF1CA7B7F7 /* FluidAudio */ = {
			isa = XCSwiftPackageProductDependency;
			package = 2C1BEE8C401178020F882506 /* XCRemoteSwiftPackageReference "FluidAudio" */;
			productName = FluidAudio;
		};
		F03462EBA44605723460996E /* Yams */ = {
			isa = XCSwiftPackageProductDependency;
			package = 7146E9C669CF5019F145E411 /* XCRemoteSwiftPackageReference "Yams" */;
			productName = Yams;
		};
/* End XCSwiftPackageProductDependency section */
	};
	rootObject = A788D3D8979D0C513FC93730 /* Project object */;
}
